{
  "name": "myapp",
  "version": "1.0.0",
  "lockfileVersion": 2,
  "requires": true,
  "packages": {
    "": {
      "name": "myapp",
      "version": "1.0.0",
      "license": "ISC",
      "dependencies": {
        "@otaviopetry/fluentsql": "^2.0.0"
      }
    },
    "node_modules/@otaviopetry/fluentsql": {
      "version": "2.0.0",
      "resolved": "https://registry.npmjs.org/@otaviopetry/fluentsql/-/fluentsql-2.0.0.tgz",
      "integrity": "sha512-Cfz0hAV39zSnR7C4H3kXV8f8MlEABI7j39lJtBKM1QAwSENkaE8eT7YDhYjZc0cCGC5zpLbx9NzIZgi5sqQIVg=="
    }
  },
  "dependencies": {
    "@otaviopetry/fluentsql": {
      "version": "2.0.0",
      "resolved": "https://registry.npmjs.org/@otaviopetry/fluentsql/-/fluentsql-2.0.0.tgz",
      "integrity": "sha512-Cfz0hAV39zSnR7C4H3kXV8f8MlEABI7j39lJtBKM1QAwSENkaE8eT7YDhYjZc0cCGC5zpLbx9NzIZgi5sqQIVg=="
    }
  }
}
